
Microsoft Visual Studio Solution File, Format Version 12.00
# Visual Studio 15
VisualStudioVersion = 15.0.27130.2010
MinimumVisualStudioVersion = 10.0.40219.1
Project("{FAE04EC0-301F-11D3-BF4B-00C04F79EFBC}") = "Pogi", "Pogi\Pogi.csproj", "{E6E2BB00-8B11-428E-96D7-8709DAF3A973}"
EndProject
Global
	GlobalSection(SolutionConfigurationPlatforms) = preSolution
		Debug|Any CPU = Debug|Any CPU
		Release|Any CPU = Release|Any CPU
	EndGlobalSection
	GlobalSection(ProjectConfigurationPlatforms) = postSolution
		{E6E2BB00-8B11-428E-96D7-8709DAF3A973}.Debug|Any CPU.ActiveCfg = Debug|Any CPU
		{E6E2BB00-8B11-428E-96D7-8709DAF3A973}.Debug|Any CPU.Build.0 = Debug|Any CPU
		{E6E2BB00-8B11-428E-96D7-8709DAF3A973}.Release|Any CPU.ActiveCfg = Release|Any CPU
		{E6E2BB00-8B11-428E-96D7-8709DAF3A973}.Release|Any CPU.Build.0 = Release|Any CPU
	EndGlobalSection
	GlobalSection(SolutionProperties) = preSolution
		HideSolutionNode = FALSE
	EndGlobalSection
	GlobalSection(ExtensibilityGlobals) = postSolution
		SolutionGuid = {356D3C42-4419-427C-ABD8-8557717B6B27}
	EndGlobalSection
EndGlobal
